# This file is autogenerated, do not edit; changes may be undone by the next 'dep ensure'.


[[projects]]
  branch = "master"
  digest = "1:ba2e5b69d353328af0bc90520bdfacd9c2a293898aa5024996a3af478c20f27a"
  name = "github.com/appscode/go"
  packages = [
    "context",
    "log",
    "sets",
  ]
  pruneopts = "NUT"
  revision = "52eaa8008e2e5fe8df77ac6fb2fd45e3ea2ae47c"

[[projects]]
  digest = "1:8679b8a64f3613e9749c5640c3535c83399b8e69f67ce54d91dc73f6d77373af"
  name = "github.com/gogo/protobuf"
  packages = [
    "proto",
    "sortkeys",
  ]
  pruneopts = "NUT"
  revision = "7d68e886eac4f7e34d0d82241a6273d6c304c5cf"
  version = "v1.1.0"

[[projects]]
  branch = "master"
  digest = "1:e2b86e41f3d669fc36b50d31d32d22c8ac656c75aa5ea89717ce7177e134ff2a"
  name = "github.com/golang/glog"
  packages = ["."]
  pruneopts = "NUT"
  revision = "23def4e6c14b4da8ac2ed8007337bc5eb5007998"

[[projects]]
  digest = "1:04d2629be9113ee1e3015a6254d90ee733f882a36160846656c2c5deac4ac9a9"
  name = "github.com/golang/protobuf"
  packages = [
    "jsonpb",
    "proto",
    "ptypes/struct",
  ]
  pruneopts = "NUT"
  revision = "b4deda0973fb4c70b50d226b1af49f3da59f5265"
  version = "v1.1.0"

[[projects]]
  branch = "master"
  digest = "1:52c5834e2bebac9030c97cc0798ac11c3aa8a39f098aeb419f142533da6cd3cc"
  name = "github.com/google/gofuzz"
  packages = ["."]
  pruneopts = "NUT"
  revision = "24818f796faf91cd76ec7bddd72458fbced7a6c1"

[[projects]]
  digest = "1:ab3ec1fe3e39bac4b3ab63390767766622be35b7cab03f47f787f9ec60522a53"
  name = "github.com/google/uuid"
  packages = ["."]
  pruneopts = "NUT"
  revision = "0cd6bf5da1e1c83f8b45653022c74f71af0538a4"
  version = "v1.1.1"

[[projects]]
  digest = "1:4e903242fe176238aaa469f59d7035f5abf2aa9acfefb8964ddd203651b574e9"
  name = "github.com/json-iterator/go"
  packages = ["."]
  pruneopts = "NUT"
  revision = "0ff49de124c6f76f8494e194af75bde0f1a49a29"
  version = "v1.1.6"

[[projects]]
  digest = "1:2f42fa12d6911c7b7659738758631bec870b7e9b4c6be5444f963cdcfccc191f"
  name = "github.com/modern-go/concurrent"
  packages = ["."]
  pruneopts = "NUT"
  revision = "bacd9c7ef1dd9b15be4a9909b8ac7a4e313eec94"
  version = "1.0.3"

[[projects]]
  digest = "1:c6aca19413b13dc59c220ad7430329e2ec454cc310bc6d8de2c7e2b93c18a0f6"
  name = "github.com/modern-go/reflect2"
  packages = ["."]
  pruneopts = "NUT"
  revision = "4b7aa43c6742a2c18fdef89dd197aaae7dac7ccd"
  version = "1.0.1"

[[projects]]
  digest = "1:14715f705ff5dfe0ffd6571d7d201dd8e921030f8070321a79380d8ca4ec1a24"
  name = "github.com/pkg/errors"
  packages = ["."]
  pruneopts = "NUT"
  revision = "ba968bfe8b2f7e042a574c888954fccecfa385b4"
  version = "v0.8.1"

[[projects]]
  branch = "master"
  digest = "1:18108bc7e384e395b4805632a637405a3df71fa518e22f9b39b0c08b89a52b96"
  name = "golang.org/x/net"
  packages = [
    "http/httpguts",
    "http2",
    "http2/hpack",
    "idna",
  ]
  pruneopts = "NUT"
  revision = "9f648a60d9775ef5c977e7669d1673a7a67bef33"

[[projects]]
  digest = "1:e7071ed636b5422cc51c0e3a6cebc229d6c9fffc528814b519a980641422d619"
  name = "golang.org/x/text"
  packages = [
    "collate",
    "collate/build",
    "internal/colltab",
    "internal/gen",
    "internal/tag",
    "internal/triegen",
    "internal/ucd",
    "language",
    "secure/bidirule",
    "transform",
    "unicode/bidi",
    "unicode/cldr",
    "unicode/norm",
    "unicode/rangetable",
  ]
  pruneopts = "NUT"
  revision = "f21a4dfb5e38f5895301dc265a8def02365cc3d0"
  version = "v0.3.0"

[[projects]]
  branch = "master"
  digest = "1:b06aa0b7549bcfd88ecc2d3ae0398ed2151820196216d69ab405ed5933e86246"
  name = "gomodules.xyz/version"
  packages = ["."]
  pruneopts = "NUT"
  revision = "7cec7ee542d33f2f96567de581394bb157684337"

[[projects]]
  digest = "1:2d1fbdc6777e5408cabeb02bf336305e724b925ff4546ded0fa8715a7267922a"
  name = "gopkg.in/inf.v0"
  packages = ["."]
  pruneopts = "NUT"
  revision = "d2d2541c53f18d2a059457998ce2876cc8e67cbf"
  version = "v0.9.1"

[[projects]]
  digest = "1:7c95b35057a0ff2e19f707173cc1a947fa43a6eb5c4d300d196ece0334046082"
  name = "gopkg.in/yaml.v2"
  packages = ["."]
  pruneopts = "NUT"
  revision = "5420a8b6744d3b0345ab293f6fcba19c978f1183"
  version = "v2.2.1"

[[projects]]
  digest = "1:3b2bc6d690e6dee185d6e8d66029b6b70482a66ec1d0e9856f541d718d41f4aa"
  name = "k8s.io/api"
  packages = ["core/v1"]
  pruneopts = "NUT"
  revision = "89a74a8d264df0e993299876a8cde88379b940ee"
  version = "kubernetes-1.13.0"

[[projects]]
  branch = "ac-1.13.0"
  digest = "1:4a821c3b536ce8f65135b99e26f0037057a64a0cc5cfd0d15078ca80ec581a6f"
  name = "k8s.io/apimachinery"
  packages = [
    "pkg/api/resource",
    "pkg/apis/config",
    "pkg/apis/meta/internalversion",
    "pkg/apis/meta/v1",
    "pkg/apis/meta/v1/unstructured",
    "pkg/apis/meta/v1/validation",
    "pkg/apis/meta/v1beta1",
    "pkg/conversion",
    "pkg/conversion/queryparams",
    "pkg/fields",
    "pkg/labels",
    "pkg/runtime",
    "pkg/runtime/schema",
    "pkg/runtime/serializer",
    "pkg/runtime/serializer/json",
    "pkg/runtime/serializer/protobuf",
    "pkg/runtime/serializer/recognizer",
    "pkg/runtime/serializer/versioning",
    "pkg/selection",
    "pkg/types",
    "pkg/util/errors",
    "pkg/util/framer",
    "pkg/util/intstr",
    "pkg/util/json",
    "pkg/util/naming",
    "pkg/util/net",
    "pkg/util/runtime",
    "pkg/util/sets",
    "pkg/util/validation",
    "pkg/util/validation/field",
    "pkg/util/version",
    "pkg/util/yaml",
    "pkg/watch",
    "third_party/forked/golang/reflect",
  ]
  pruneopts = "NUT"
  revision = "32ccef23274063254360a5c9c0ec4126487e1754"
  source = "github.com/kmodules/apimachinery"

[[projects]]
  digest = "1:18e61248b98730a03f39f9688483ee3afc36e23295b60d31effc7221ab3db538"
  name = "k8s.io/client-go"
  packages = ["tools/clientcmd/api"]
  pruneopts = "NUT"
  revision = "e64494209f554a6723674bd494d69445fb76a1d4"
  version = "v10.0.0"

[[projects]]
  branch = "master"
  digest = "1:28fd6a61b5220aab30c6f7344676ff5aaea4a5f14407d95f33e238b13da2d2ef"
  name = "k8s.io/cluster-bootstrap"
  packages = [
    "token/api",
    "token/util",
  ]
  pruneopts = "NUT"
  revision = "0fa624df11e9dda15d6ba720bfc2902cd94ba453"

[[projects]]
  digest = "1:c263611800c3a97991dbcf9d3bc4de390f6224aaa8ca0a7226a9d734f65a416a"
  name = "k8s.io/klog"
  packages = ["."]
  pruneopts = "NUT"
  revision = "71442cd4037d612096940ceb0f3fec3f7fff66e0"
  version = "v0.2.0"

[[projects]]
  digest = "1:eb00085a7d4734271fbd7bf03927b10d14033fa14ceb3aa6017c6a731cd73792"
  name = "k8s.io/kubernetes"
  packages = [
    "cmd/kubeadm/app/apis/kubeadm",
    "cmd/kubeadm/app/apis/kubeadm/v1beta1",
    "cmd/kubeadm/app/constants",
    "pkg/apis/core",
    "pkg/kubelet/apis/config",
    "pkg/proxy/apis/config",
    "pkg/registry/core/service/allocator",
    "pkg/registry/core/service/ipallocator",
  ]
  pruneopts = "NUT"
  revision = "c27b913fddd1a6c480c229191a087698aa92f0b1"
  version = "v1.13.4"

[[projects]]
  digest = "1:ff55b05e15c06cd16e106c8937e02efbba157c340bbc4f700adef3ec3b8b3e50"
  name = "pharmer.dev/cloud"
  packages = [
    "pkg/apis/cloud",
    "pkg/apis/cloud/v1",
  ]
  pruneopts = "NUT"
  revision = "ac27cc24b5bd1a63d6dbaa98fc53c8d7f9abdcad"
  version = "v0.3.0"

[[projects]]
  digest = "1:07bb30d5ef434246f64523eb69f0edbfa0621d123aafcf4a11339f37debc5dd0"
  name = "pharmer.dev/pharmer"
  packages = ["apis/v1beta1"]
  pruneopts = "NUT"
  revision = "0cb7be43b8d124de1479f12b4253ca4f3b62d776"
  version = "v0.4.0"

[[projects]]
  digest = "1:0205cc0386d21006509083b30422d4da96d0fd7ea71d11a7a1e7c2e5eab9f18a"
  name = "sigs.k8s.io/cluster-api"
  packages = [
    "pkg/apis/cluster/common",
    "pkg/apis/cluster/v1alpha1",
  ]
  pruneopts = "NUT"
  revision = "26aa37ad8bcffd5b69e2a514b5e9a8ac30744134"

[[projects]]
  digest = "1:84a8609383bec11b71d52dd813f33f1d16614b91966940bdc2aa79bea864fa25"
  name = "sigs.k8s.io/controller-runtime"
  packages = ["pkg/runtime/scheme"]
  pruneopts = "NUT"
  revision = "12d98582e72927b6cd0123e2b4e819f9341ce62c"
  version = "v0.1.10"

[[projects]]
  digest = "1:8730e0150dfb2b7e173890c8b9868e7a273082ef8e39f4940e3506a481cf895c"
  name = "sigs.k8s.io/yaml"
  packages = ["."]
  pruneopts = "NUT"
  revision = "fd68e9863619f6ec2fdd8625fe1f02e7c877e480"
  version = "v1.1.0"

[solve-meta]
  analyzer-name = "dep"
  analyzer-version = 1
  input-imports = [
    "k8s.io/api/core/v1",
    "pharmer.dev/cloud/pkg/apis/cloud/v1",
    "pharmer.dev/pharmer/apis/v1beta1",
    "sigs.k8s.io/cluster-api/pkg/apis/cluster/v1alpha1",
  ]
  solver-name = "gps-cdcl"
  solver-version = 1
